
Microsoft Visual Studio Solution File, Format Version 12.00
# Visual Studio Version 17
VisualStudioVersion = 17.4.33213.308
MinimumVisualStudioVersion = 10.0.40219.1
Project("{9A19103F-16F7-4668-BE54-9A1E7A4F7556}") = "PackingTool.WebAPI", "PackingTool.WebAPI\PackingTool.WebAPI.csproj", "{B03DA124-BEF6-45DA-93D7-D2F85F7AA7AA}"
EndProject
Project("{9A19103F-16F7-4668-BE54-9A1E7A4F7556}") = "PackingTool.Database", "PackingTool.Database\PackingTool.Database.csproj", "{47FEF734-1E4E-4E98-AAFC-71F3F1224B40}"
EndProject
Project("{FAE04EC0-301F-11D3-BF4B-00C04F79EFBC}") = "PackingTool.Core", "PackingTool.Core\PackingTool.Core.csproj", "{0BA2B0E8-FB99-40D7-B72E-39D3D610DBA7}"
EndProject
Project("{FAE04EC0-301F-11D3-BF4B-00C04F79EFBC}") = "PackingTool.Service", "PackingTool.Service\PackingTool.Service.csproj", "{0D737A3B-0B8E-4E15-883D-DF1B4BF1995B}"
EndProject
Global
	GlobalSection(SolutionConfigurationPlatforms) = preSolution
		Debug|Any CPU = Debug|Any CPU
		Release|Any CPU = Release|Any CPU
	EndGlobalSection
	GlobalSection(ProjectConfigurationPlatforms) = postSolution
		{B03DA124-BEF6-45DA-93D7-D2F85F7AA7AA}.Debug|Any CPU.ActiveCfg = Debug|Any CPU
		{B03DA124-BEF6-45DA-93D7-D2F85F7AA7AA}.Debug|Any CPU.Build.0 = Debug|Any CPU
		{B03DA124-BEF6-45DA-93D7-D2F85F7AA7AA}.Release|Any CPU.ActiveCfg = Release|Any CPU
		{B03DA124-BEF6-45DA-93D7-D2F85F7AA7AA}.Release|Any CPU.Build.0 = Release|Any CPU
		{47FEF734-1E4E-4E98-AAFC-71F3F1224B40}.Debug|Any CPU.ActiveCfg = Debug|Any CPU
		{47FEF734-1E4E-4E98-AAFC-71F3F1224B40}.Debug|Any CPU.Build.0 = Debug|Any CPU
		{47FEF734-1E4E-4E98-AAFC-71F3F1224B40}.Release|Any CPU.ActiveCfg = Release|Any CPU
		{47FEF734-1E4E-4E98-AAFC-71F3F1224B40}.Release|Any CPU.Build.0 = Release|Any CPU
		{0BA2B0E8-FB99-40D7-B72E-39D3D610DBA7}.Debug|Any CPU.ActiveCfg = Debug|Any CPU
		{0BA2B0E8-FB99-40D7-B72E-39D3D610DBA7}.Debug|Any CPU.Build.0 = Debug|Any CPU
		{0BA2B0E8-FB99-40D7-B72E-39D3D610DBA7}.Release|Any CPU.ActiveCfg = Release|Any CPU
		{0BA2B0E8-FB99-40D7-B72E-39D3D610DBA7}.Release|Any CPU.Build.0 = Release|Any CPU
		{0D737A3B-0B8E-4E15-883D-DF1B4BF1995B}.Debug|Any CPU.ActiveCfg = Debug|Any CPU
		{0D737A3B-0B8E-4E15-883D-DF1B4BF1995B}.Debug|Any CPU.Build.0 = Debug|Any CPU
		{0D737A3B-0B8E-4E15-883D-DF1B4BF1995B}.Release|Any CPU.ActiveCfg = Release|Any CPU
		{0D737A3B-0B8E-4E15-883D-DF1B4BF1995B}.Release|Any CPU.Build.0 = Release|Any CPU
	EndGlobalSection
	GlobalSection(SolutionProperties) = preSolution
		HideSolutionNode = FALSE
	EndGlobalSection
	GlobalSection(ExtensibilityGlobals) = postSolution
		SolutionGuid = {0AB6E6A3-2254-4088-A2CA-DB4C7458C9F1}
	EndGlobalSection
EndGlobal
