
Microsoft Visual Studio Solution File, Format Version 12.00
# Visual Studio Version 17
VisualStudioVersion = 17.4.33213.308
MinimumVisualStudioVersion = 10.0.40219.1
Project("{FAE04EC0-301F-11D3-BF4B-00C04F79EFBC}") = "PackingTool", "PackingTool\PackingTool.csproj", "{0537CC6C-DC6B-43D8-B0F4-F50B7BFD6B64}"
EndProject
Global
	GlobalSection(SolutionConfigurationPlatforms) = preSolution
		Debug|Any CPU = Debug|Any CPU
		Release|Any CPU = Release|Any CPU
	EndGlobalSection
	GlobalSection(ProjectConfigurationPlatforms) = postSolution
		{0537CC6C-DC6B-43D8-B0F4-F50B7BFD6B64}.Debug|Any CPU.ActiveCfg = Debug|Any CPU
		{0537CC6C-DC6B-43D8-B0F4-F50B7BFD6B64}.Debug|Any CPU.Build.0 = Debug|Any CPU
		{0537CC6C-DC6B-43D8-B0F4-F50B7BFD6B64}.Release|Any CPU.ActiveCfg = Release|Any CPU
		{0537CC6C-DC6B-43D8-B0F4-F50B7BFD6B64}.Release|Any CPU.Build.0 = Release|Any CPU
	EndGlobalSection
	GlobalSection(SolutionProperties) = preSolution
		HideSolutionNode = FALSE
	EndGlobalSection
	GlobalSection(ExtensibilityGlobals) = postSolution
		SolutionGuid = {0AB6E6A3-2254-4088-A2CA-DB4C7458C9F1}
	EndGlobalSection
EndGlobal
